<Solution>
  <Folder Name="/-/">
    <File Path="README.md" />
  </Folder>
  <Folder Name="/benchmarks/">
    <Project Path="benchmarks/ItchyPassword.Benchmarks/ItchyPassword.Benchmarks.csproj" />
  </Folder>
  <Folder Name="/src/">
    <Project Path="src/ItchyPassword.Client/ItchyPassword.Client.csproj" />
    <Project Path="src/ItchyPassword.Core/ItchyPassword.Core.csproj" />
  </Folder>
  <Folder Name="/tests/">
    <Project Path="tests/ItchyPassword.Core.Tests/ItchyPassword.Core.Tests.csproj" />
  </Folder>
</Solution>
